
Microsoft Visual Studio Solution File, Format Version 12.00
# Visual Studio Version 17
VisualStudioVersion = 17.4.33205.214
MinimumVisualStudioVersion = 10.0.40219.1
Project("{FAE04EC0-301F-11D3-BF4B-00C04F79EFBC}") = "final11", "final11\final11.csproj", "{7B0EA0A5-3F06-49A7-A017-0BEAB312EA77}"
EndProject
Global
	GlobalSection(SolutionConfigurationPlatforms) = preSolution
		Debug|Any CPU = Debug|Any CPU
		Release|Any CPU = Release|Any CPU
	EndGlobalSection
	GlobalSection(ProjectConfigurationPlatforms) = postSolution
		{7B0EA0A5-3F06-49A7-A017-0BEAB312EA77}.Debug|Any CPU.ActiveCfg = Debug|Any CPU
		{7B0EA0A5-3F06-49A7-A017-0BEAB312EA77}.Debug|Any CPU.Build.0 = Debug|Any CPU
		{7B0EA0A5-3F06-49A7-A017-0BEAB312EA77}.Release|Any CPU.ActiveCfg = Release|Any CPU
		{7B0EA0A5-3F06-49A7-A017-0BEAB312EA77}.Release|Any CPU.Build.0 = Release|Any CPU
	EndGlobalSection
	GlobalSection(SolutionProperties) = preSolution
		HideSolutionNode = FALSE
	EndGlobalSection
	GlobalSection(ExtensibilityGlobals) = postSolution
		SolutionGuid = {E7EEA536-8ED0-4FD8-BFC5-706116324B85}
	EndGlobalSection
EndGlobal
